
Microsoft Visual Studio Solution File, Format Version 12.00
# Visual Studio Version 17
VisualStudioVersion = 17.14.36212.18 d17.14
MinimumVisualStudioVersion = 10.0.40219.1
Project("{FAE04EC0-301F-11D3-BF4B-00C04F79EFBC}") = "CSharp-challenges", "CSharp-challenges\CSharp-challenges.csproj", "{69C8C886-62B7-4A7E-8DEC-A23DEFE858DB}"
EndProject
Global
	GlobalSection(SolutionConfigurationPlatforms) = preSolution
		Debug|Any CPU = Debug|Any CPU
		Release|Any CPU = Release|Any CPU
	EndGlobalSection
	GlobalSection(ProjectConfigurationPlatforms) = postSolution
		{69C8C886-62B7-4A7E-8DEC-A23DEFE858DB}.Debug|Any CPU.ActiveCfg = Debug|Any CPU
		{69C8C886-62B7-4A7E-8DEC-A23DEFE858DB}.Debug|Any CPU.Build.0 = Debug|Any CPU
		{69C8C886-62B7-4A7E-8DEC-A23DEFE858DB}.Release|Any CPU.ActiveCfg = Release|Any CPU
		{69C8C886-62B7-4A7E-8DEC-A23DEFE858DB}.Release|Any CPU.Build.0 = Release|Any CPU
	EndGlobalSection
	GlobalSection(SolutionProperties) = preSolution
		HideSolutionNode = FALSE
	EndGlobalSection
	GlobalSection(ExtensibilityGlobals) = postSolution
		SolutionGuid = {AE6589A3-4B99-4010-94DD-86A4B4226BFB}
	EndGlobalSection
EndGlobal
